# This file is automatically @generated by Cargo.
# It is not intended for manual editing.
version = 3

[[package]]
name = "asdf-util"
version = "0.1.0"

[[package]]
name = "draftlang"
version = "0.1.0"

[[package]]
name = "draftlang-executor"
version = "0.1.0"

[[package]]
name = "draftlang-parser"
version = "0.1.0"
